
Microsoft Visual Studio Solution File, Format Version 12.00
# Visual Studio Version 16
VisualStudioVersion = 16.0.29519.181
MinimumVisualStudioVersion = 10.0.40219.1
Project("{FAE04EC0-301F-11D3-BF4B-00C04F79EFBC}") = "WowzaContentProtectionKey", "WowzaContentProtectionKey.csproj", "{0B765876-E670-4B35-BC27-C1878AF7E135}"
EndProject
Global
	GlobalSection(SolutionConfigurationPlatforms) = preSolution
		Debug|Any CPU = Debug|Any CPU
		Release|Any CPU = Release|Any CPU
	EndGlobalSection
	GlobalSection(ProjectConfigurationPlatforms) = postSolution
		{0B765876-E670-4B35-BC27-C1878AF7E135}.Debug|Any CPU.ActiveCfg = Debug|Any CPU
		{0B765876-E670-4B35-BC27-C1878AF7E135}.Debug|Any CPU.Build.0 = Debug|Any CPU
		{0B765876-E670-4B35-BC27-C1878AF7E135}.Release|Any CPU.ActiveCfg = Release|Any CPU
		{0B765876-E670-4B35-BC27-C1878AF7E135}.Release|Any CPU.Build.0 = Release|Any CPU
	EndGlobalSection
	GlobalSection(SolutionProperties) = preSolution
		HideSolutionNode = FALSE
	EndGlobalSection
	GlobalSection(ExtensibilityGlobals) = postSolution
		SolutionGuid = {16B7E29B-5092-496A-A77E-5D112B437BE8}
	EndGlobalSection
EndGlobal
